
Microsoft Visual Studio Solution File, Format Version 12.00
# Visual Studio Version 16
VisualStudioVersion = 16.0.30002.166
MinimumVisualStudioVersion = 10.0.40219.1
Project("{2150E333-8FDC-42A3-9474-1A3956D46DE8}") = "src", "src", "{BA241FD7-B20D-49BA-A4C2-66FDD144CEAE}"
EndProject
Project("{9A19103F-16F7-4668-BE54-9A1E7A4F7556}") = "Sample.Web", "src\Sample.Web\Sample.Web.csproj", "{27ED1F88-CB8E-47BC-8109-903758725B83}"
EndProject
Project("{FAE04EC0-301F-11D3-BF4B-00C04F79EFBC}") = "Sample.Data", "src\Sample.Data\Sample.Data.csproj", "{C45E94DB-5CA1-493C-8335-5B13760DA7F4}"
EndProject
Project("{FAE04EC0-301F-11D3-BF4B-00C04F79EFBC}") = "Sample.Core", "src\Sample.Core\Sample.Core.csproj", "{ED46899E-62E3-49E6-942B-3C5666524F5F}"
EndProject
Project("{FAE04EC0-301F-11D3-BF4B-00C04F79EFBC}") = "Sample.Web.Core", "src\Sample.Web.Core\Sample.Web.Core.csproj", "{FBE40A61-9518-4C6B-AE96-F9177A42CB70}"
EndProject
Project("{FAE04EC0-301F-11D3-BF4B-00C04F79EFBC}") = "Sample.Services", "src\Sample.Services\Sample.Services.csproj", "{BD10FBB2-9966-40AE-B6DB-59B25FB06D6B}"
EndProject
Global
	GlobalSection(SolutionConfigurationPlatforms) = preSolution
		Debug|Any CPU = Debug|Any CPU
		Release|Any CPU = Release|Any CPU
	EndGlobalSection
	GlobalSection(ProjectConfigurationPlatforms) = postSolution
		{27ED1F88-CB8E-47BC-8109-903758725B83}.Debug|Any CPU.ActiveCfg = Debug|Any CPU
		{27ED1F88-CB8E-47BC-8109-903758725B83}.Debug|Any CPU.Build.0 = Debug|Any CPU
		{27ED1F88-CB8E-47BC-8109-903758725B83}.Release|Any CPU.ActiveCfg = Release|Any CPU
		{27ED1F88-CB8E-47BC-8109-903758725B83}.Release|Any CPU.Build.0 = Release|Any CPU
		{C45E94DB-5CA1-493C-8335-5B13760DA7F4}.Debug|Any CPU.ActiveCfg = Debug|Any CPU
		{C45E94DB-5CA1-493C-8335-5B13760DA7F4}.Debug|Any CPU.Build.0 = Debug|Any CPU
		{C45E94DB-5CA1-493C-8335-5B13760DA7F4}.Release|Any CPU.ActiveCfg = Release|Any CPU
		{C45E94DB-5CA1-493C-8335-5B13760DA7F4}.Release|Any CPU.Build.0 = Release|Any CPU
		{ED46899E-62E3-49E6-942B-3C5666524F5F}.Debug|Any CPU.ActiveCfg = Debug|Any CPU
		{ED46899E-62E3-49E6-942B-3C5666524F5F}.Debug|Any CPU.Build.0 = Debug|Any CPU
		{ED46899E-62E3-49E6-942B-3C5666524F5F}.Release|Any CPU.ActiveCfg = Release|Any CPU
		{ED46899E-62E3-49E6-942B-3C5666524F5F}.Release|Any CPU.Build.0 = Release|Any CPU
		{FBE40A61-9518-4C6B-AE96-F9177A42CB70}.Debug|Any CPU.ActiveCfg = Debug|Any CPU
		{FBE40A61-9518-4C6B-AE96-F9177A42CB70}.Debug|Any CPU.Build.0 = Debug|Any CPU
		{FBE40A61-9518-4C6B-AE96-F9177A42CB70}.Release|Any CPU.ActiveCfg = Release|Any CPU
		{FBE40A61-9518-4C6B-AE96-F9177A42CB70}.Release|Any CPU.Build.0 = Release|Any CPU
		{BD10FBB2-9966-40AE-B6DB-59B25FB06D6B}.Debug|Any CPU.ActiveCfg = Debug|Any CPU
		{BD10FBB2-9966-40AE-B6DB-59B25FB06D6B}.Debug|Any CPU.Build.0 = Debug|Any CPU
		{BD10FBB2-9966-40AE-B6DB-59B25FB06D6B}.Release|Any CPU.ActiveCfg = Release|Any CPU
		{BD10FBB2-9966-40AE-B6DB-59B25FB06D6B}.Release|Any CPU.Build.0 = Release|Any CPU
	EndGlobalSection
	GlobalSection(SolutionProperties) = preSolution
		HideSolutionNode = FALSE
	EndGlobalSection
	GlobalSection(NestedProjects) = preSolution
		{27ED1F88-CB8E-47BC-8109-903758725B83} = {BA241FD7-B20D-49BA-A4C2-66FDD144CEAE}
		{C45E94DB-5CA1-493C-8335-5B13760DA7F4} = {BA241FD7-B20D-49BA-A4C2-66FDD144CEAE}
		{ED46899E-62E3-49E6-942B-3C5666524F5F} = {BA241FD7-B20D-49BA-A4C2-66FDD144CEAE}
		{FBE40A61-9518-4C6B-AE96-F9177A42CB70} = {BA241FD7-B20D-49BA-A4C2-66FDD144CEAE}
		{BD10FBB2-9966-40AE-B6DB-59B25FB06D6B} = {BA241FD7-B20D-49BA-A4C2-66FDD144CEAE}
	EndGlobalSection
	GlobalSection(ExtensibilityGlobals) = postSolution
		SolutionGuid = {FBD7105A-834D-453D-98DE-C66F6557ED0F}
	EndGlobalSection
EndGlobal
